
Microsoft Visual Studio Solution File, Format Version 12.00
# Visual Studio 15
VisualStudioVersion = 15.0.28010.2050
MinimumVisualStudioVersion = 10.0.40219.1
Project("{FAE04EC0-301F-11D3-BF4B-00C04F79EFBC}") = "Cheese", "Cheese\Cheese.csproj", "{3397F864-96C1-482F-914B-63147F5E5A38}"
EndProject
Global
	GlobalSection(SolutionConfigurationPlatforms) = preSolution
		Debug|Any CPU = Debug|Any CPU
		Release|Any CPU = Release|Any CPU
	EndGlobalSection
	GlobalSection(ProjectConfigurationPlatforms) = postSolution
		{3397F864-96C1-482F-914B-63147F5E5A38}.Debug|Any CPU.ActiveCfg = Debug|Any CPU
		{3397F864-96C1-482F-914B-63147F5E5A38}.Debug|Any CPU.Build.0 = Debug|Any CPU
		{3397F864-96C1-482F-914B-63147F5E5A38}.Release|Any CPU.ActiveCfg = Release|Any CPU
		{3397F864-96C1-482F-914B-63147F5E5A38}.Release|Any CPU.Build.0 = Release|Any CPU
	EndGlobalSection
	GlobalSection(SolutionProperties) = preSolution
		HideSolutionNode = FALSE
	EndGlobalSection
	GlobalSection(ExtensibilityGlobals) = postSolution
		SolutionGuid = {8CE1C614-00CF-41EA-B596-63E4AD10C519}
	EndGlobalSection
EndGlobal
